
Microsoft Visual Studio Solution File, Format Version 12.00
# Visual Studio Version 17
VisualStudioVersion = 17.14.37411.7
MinimumVisualStudioVersion = 10.0.40219.1
Project("{2150E333-8FDC-42A3-9474-1A3956D46DE8}") = "Services", "Services", "{02EA681E-C7D8-13C7-8484-4AC65E1B71E8}"
EndProject
Project("{2150E333-8FDC-42A3-9474-1A3956D46DE8}") = "Catalog", "Catalog", "{86BA4271-B1BF-4B8A-8D6D-D8B7BAB111B9}"
EndProject
Project("{FAE04EC0-301F-11D3-BF4B-00C04F79EFBC}") = "CatalogAPI", "Services\Catalog\CatalogAPI\CatalogAPI.csproj", "{BB881872-F052-4946-B1E7-4D1C0313CCC6}"
EndProject
Global
	GlobalSection(SolutionConfigurationPlatforms) = preSolution
		Debug|Any CPU = Debug|Any CPU
		Release|Any CPU = Release|Any CPU
	EndGlobalSection
	GlobalSection(ProjectConfigurationPlatforms) = postSolution
		{BB881872-F052-4946-B1E7-4D1C0313CCC6}.Debug|Any CPU.ActiveCfg = Debug|Any CPU
		{BB881872-F052-4946-B1E7-4D1C0313CCC6}.Debug|Any CPU.Build.0 = Debug|Any CPU
		{BB881872-F052-4946-B1E7-4D1C0313CCC6}.Release|Any CPU.ActiveCfg = Release|Any CPU
		{BB881872-F052-4946-B1E7-4D1C0313CCC6}.Release|Any CPU.Build.0 = Release|Any CPU
	EndGlobalSection
	GlobalSection(SolutionProperties) = preSolution
		HideSolutionNode = FALSE
	EndGlobalSection
	GlobalSection(NestedProjects) = preSolution
		{86BA4271-B1BF-4B8A-8D6D-D8B7BAB111B9} = {02EA681E-C7D8-13C7-8484-4AC65E1B71E8}
		{BB881872-F052-4946-B1E7-4D1C0313CCC6} = {86BA4271-B1BF-4B8A-8D6D-D8B7BAB111B9}
	EndGlobalSection
	GlobalSection(ExtensibilityGlobals) = postSolution
		SolutionGuid = {880CBABD-92DA-4B0E-BB7B-450A38E5CDDF}
	EndGlobalSection
EndGlobal
